
Microsoft Visual Studio Solution File, Format Version 12.00
# Visual Studio Version 16
VisualStudioVersion = 16.0.33529.622
MinimumVisualStudioVersion = 10.0.40219.1
Project("{FAE04EC0-301F-11D3-BF4B-00C04F79EFBC}") = "PrintFeature", "PrintFeature.csproj", "{ED405E47-A538-47E3-BE74-6127D0A7FD53}"
EndProject
Global
	GlobalSection(SolutionConfigurationPlatforms) = preSolution
		Debug|Any CPU = Debug|Any CPU
		Release|Any CPU = Release|Any CPU
	EndGlobalSection
	GlobalSection(ProjectConfigurationPlatforms) = postSolution
		{ED405E47-A538-47E3-BE74-6127D0A7FD53}.Debug|Any CPU.ActiveCfg = Debug|Any CPU
		{ED405E47-A538-47E3-BE74-6127D0A7FD53}.Debug|Any CPU.Build.0 = Debug|Any CPU
		{ED405E47-A538-47E3-BE74-6127D0A7FD53}.Release|Any CPU.ActiveCfg = Release|Any CPU
		{ED405E47-A538-47E3-BE74-6127D0A7FD53}.Release|Any CPU.Build.0 = Release|Any CPU
	EndGlobalSection
	GlobalSection(SolutionProperties) = preSolution
		HideSolutionNode = FALSE
	EndGlobalSection
	GlobalSection(ExtensibilityGlobals) = postSolution
		SolutionGuid = {FCC65012-F476-4FAB-BCA1-EAD7F30153F7}
	EndGlobalSection
EndGlobal
